{
  "version": 4,
  "terraform_version": "1.5.6",
  "serial": 4,
  "lineage": "d4d79888-e69d-bfc9-6aae-7c8457ba8ff8",
  "outputs": {},
  "resources": [
    {
      "mode": "managed",
      "type": "azurerm_resource_group",
      "name": "tf-resource-group",
      "provider": "provider[\"registry.terraform.io/hashicorp/azurerm\"]",
      "instances": [
        {
          "schema_version": 0,
          "attributes": {
            "id": "/subscriptions/1d2b2e52-2e66-46d3-882e-1bfc4557308d/resourceGroups/rg-terraform-demo",
            "location": "uksouth",
            "managed_by": "",
            "name": "rg-terraform-demo",
            "tags": null,
            "timeouts": null
          },
          "sensitive_attributes": [],
          "private": "eyJlMmJmYjczMC1lY2FhLTExZTYtOGY4OC0zNDM2M2JjN2M0YzAiOnsiY3JlYXRlIjo1NDAwMDAwMDAwMDAwLCJkZWxldGUiOjU0MDAwMDAwMDAwMDAsInJlYWQiOjMwMDAwMDAwMDAwMCwidXBkYXRlIjo1NDAwMDAwMDAwMDAwfX0="
        }
      ]
    },
    {
      "mode": "managed",
      "type": "azurerm_storage_account",
      "name": "tf-storage-account",
      "provider": "provider[\"registry.terraform.io/hashicorp/azurerm\"]",
      "instances": [
        {
          "schema_version": 4,
          "attributes": {
            "access_tier": "Hot",
            "account_kind": "StorageV2",
            "account_replication_type": "LRS",
            "account_tier": "Standard",
            "allow_nested_items_to_be_public": true,
            "allowed_copy_scope": "",
            "azure_files_authentication": [],
            "blob_properties": [
              {
                "change_feed_enabled": false,
                "change_feed_retention_in_days": 0,
                "container_delete_retention_policy": [],
                "cors_rule": [],
                "default_service_version": "",
                "delete_retention_policy": [],
                "last_access_time_enabled": false,
                "restore_policy": [],
                "versioning_enabled": false
              }
            ],
            "cross_tenant_replication_enabled": true,
            "custom_domain": [],
            "customer_managed_key": [],
            "default_to_oauth_authentication": false,
            "edge_zone": "",
            "enable_https_traffic_only": true,
            "id": "/subscriptions/1d2b2e52-2e66-46d3-882e-1bfc4557308d/resourceGroups/rg-terraform-demo/providers/Microsoft.Storage/storageAccounts/tfazureuk13",
            "identity": [],
            "immutability_policy": [],
            "infrastructure_encryption_enabled": false,
            "is_hns_enabled": false,
            "large_file_share_enabled": null,
            "location": "uksouth",
            "min_tls_version": "TLS1_2",
            "name": "tfazureuk13",
            "network_rules": [
              {
                "bypass": [
                  "AzureServices"
                ],
                "default_action": "Allow",
                "ip_rules": [],
                "private_link_access": [],
                "virtual_network_subnet_ids": []
              }
            ],
            "nfsv3_enabled": false,
            "primary_access_key": "aEmJI+z+WqUupwIAMQ+YTA6tAl3BDz29ILgpmLLuCiIgxv0FRSCsEjOa3Qsf7vvnmgzgQ3AqXJU7+ASt2f9JBQ==",
            "primary_blob_connection_string": "DefaultEndpointsProtocol=https;BlobEndpoint=https://tfazureuk13.blob.core.windows.net/;AccountName=tfazureuk13;AccountKey=aEmJI+z+WqUupwIAMQ+YTA6tAl3BDz29ILgpmLLuCiIgxv0FRSCsEjOa3Qsf7vvnmgzgQ3AqXJU7+ASt2f9JBQ==",
            "primary_blob_endpoint": "https://tfazureuk13.blob.core.windows.net/",
            "primary_blob_host": "tfazureuk13.blob.core.windows.net",
            "primary_connection_string": "DefaultEndpointsProtocol=https;AccountName=tfazureuk13;AccountKey=aEmJI+z+WqUupwIAMQ+YTA6tAl3BDz29ILgpmLLuCiIgxv0FRSCsEjOa3Qsf7vvnmgzgQ3AqXJU7+ASt2f9JBQ==;EndpointSuffix=core.windows.net",
            "primary_dfs_endpoint": "https://tfazureuk13.dfs.core.windows.net/",
            "primary_dfs_host": "tfazureuk13.dfs.core.windows.net",
            "primary_file_endpoint": "https://tfazureuk13.file.core.windows.net/",
            "primary_file_host": "tfazureuk13.file.core.windows.net",
            "primary_location": "uksouth",
            "primary_queue_endpoint": "https://tfazureuk13.queue.core.windows.net/",
            "primary_queue_host": "tfazureuk13.queue.core.windows.net",
            "primary_table_endpoint": "https://tfazureuk13.table.core.windows.net/",
            "primary_table_host": "tfazureuk13.table.core.windows.net",
            "primary_web_endpoint": "https://tfazureuk13.z33.web.core.windows.net/",
            "primary_web_host": "tfazureuk13.z33.web.core.windows.net",
            "public_network_access_enabled": true,
            "queue_encryption_key_type": "Service",
            "queue_properties": [
              {
                "cors_rule": [],
                "hour_metrics": [
                  {
                    "enabled": true,
                    "include_apis": true,
                    "retention_policy_days": 7,
                    "version": "1.0"
                  }
                ],
                "logging": [
                  {
                    "delete": false,
                    "read": false,
                    "retention_policy_days": 0,
                    "version": "1.0",
                    "write": false
                  }
                ],
                "minute_metrics": [
                  {
                    "enabled": false,
                    "include_apis": false,
                    "retention_policy_days": 0,
                    "version": "1.0"
                  }
                ]
              }
            ],
            "resource_group_name": "rg-terraform-demo",
            "routing": [],
            "sas_policy": [],
            "secondary_access_key": "Qwd6hZFO5SZVhnJwEbIqVJ4EKGxuXDP8mr9888G8RvbdayC+t/Le4qv18klTcRI9wRfNjBtruRxi+AStQeNggQ==",
            "secondary_blob_connection_string": "",
            "secondary_blob_endpoint": null,
            "secondary_blob_host": null,
            "secondary_connection_string": "DefaultEndpointsProtocol=https;AccountName=tfazureuk13;AccountKey=Qwd6hZFO5SZVhnJwEbIqVJ4EKGxuXDP8mr9888G8RvbdayC+t/Le4qv18klTcRI9wRfNjBtruRxi+AStQeNggQ==;EndpointSuffix=core.windows.net",
            "secondary_dfs_endpoint": null,
            "secondary_dfs_host": null,
            "secondary_file_endpoint": null,
            "secondary_file_host": null,
            "secondary_location": "",
            "secondary_queue_endpoint": null,
            "secondary_queue_host": null,
            "secondary_table_endpoint": null,
            "secondary_table_host": null,
            "secondary_web_endpoint": null,
            "secondary_web_host": null,
            "sftp_enabled": false,
            "share_properties": [
              {
                "cors_rule": [],
                "retention_policy": [
                  {
                    "days": 7
                  }
                ],
                "smb": []
              }
            ],
            "shared_access_key_enabled": true,
            "static_website": [
              {
                "error_404_document": "",
                "index_document": "index.html"
              }
            ],
            "table_encryption_key_type": "Service",
            "tags": null,
            "timeouts": null
          },
          "sensitive_attributes": [],
          "private": "eyJlMmJmYjczMC1lY2FhLTExZTYtOGY4OC0zNDM2M2JjN2M0YzAiOnsiY3JlYXRlIjozNjAwMDAwMDAwMDAwLCJkZWxldGUiOjM2MDAwMDAwMDAwMDAsInJlYWQiOjMwMDAwMDAwMDAwMCwidXBkYXRlIjozNjAwMDAwMDAwMDAwfSwic2NoZW1hX3ZlcnNpb24iOiI0In0=",
          "dependencies": [
            "azurerm_resource_group.tf-resource-group"
          ]
        }
      ]
    },
    {
      "mode": "managed",
      "type": "azurerm_storage_blob",
      "name": "tf-blob",
      "provider": "provider[\"registry.terraform.io/hashicorp/azurerm\"]",
      "instances": [
        {
          "schema_version": 1,
          "attributes": {
            "access_tier": "Hot",
            "cache_control": "",
            "content_md5": "",
            "content_type": "text/html",
            "id": "https://tfazureuk13.blob.core.windows.net/$web/index.html",
            "metadata": {},
            "name": "index.html",
            "parallelism": 8,
            "size": 0,
            "source": null,
            "source_content": "\u003ch1\u003e Hey! This is a website deployed using Terraform \u003c/h1\u003e",
            "source_uri": null,
            "storage_account_name": "tfazureuk13",
            "storage_container_name": "$web",
            "timeouts": null,
            "type": "Block",
            "url": "https://tfazureuk13.blob.core.windows.net/$web/index.html"
          },
          "sensitive_attributes": [],
          "private": "eyJlMmJmYjczMC1lY2FhLTExZTYtOGY4OC0zNDM2M2JjN2M0YzAiOnsiY3JlYXRlIjoxODAwMDAwMDAwMDAwLCJkZWxldGUiOjE4MDAwMDAwMDAwMDAsInJlYWQiOjMwMDAwMDAwMDAwMCwidXBkYXRlIjoxODAwMDAwMDAwMDAwfSwic2NoZW1hX3ZlcnNpb24iOiIxIn0=",
          "dependencies": [
            "azurerm_resource_group.tf-resource-group",
            "azurerm_storage_account.tf-storage-account"
          ]
        }
      ]
    }
  ],
  "check_results": null
}
